speakeasyVersion: 1.450.0
sources:
    Swagger Petstore - OpenAPI 3.0:
        sourceNamespace: swagger-petstore---open-api-3-0
        sourceRevisionDigest: sha256:5e9acfe607c7c2c8ca5ae2ac711b6b1ddb7254c57e4bbd3b2b1e5f7a1cdd1d1f
        sourceBlobDigest: sha256:f3029af854a4571450d0f996a041c45a01aef89ec0614f592f6354ae68aa2d9c
        tags:
            - latest
            - 1.0.19
targets:
    petstore:
        source: Swagger Petstore - OpenAPI 3.0
        sourceNamespace: swagger-petstore---open-api-3-0
        sourceRevisionDigest: sha256:5e9acfe607c7c2c8ca5ae2ac711b6b1ddb7254c57e4bbd3b2b1e5f7a1cdd1d1f
        sourceBlobDigest: sha256:f3029af854a4571450d0f996a041c45a01aef89ec0614f592f6354ae68aa2d9c
        codeSamplesNamespace: swagger-petstore---open-api-3-0-typescript-code-samples
        codeSamplesRevisionDigest: sha256:1a43ab0d6f2cdfac1aba384f506ef93770c7aa56b9f0b785df715960b13bde66
workflow:
    workflowVersion: 1.0.0
    speakeasyVersion: latest
    sources:
        Swagger Petstore - OpenAPI 3.0:
            inputs:
                - location: ./petstore.json
            overlays:
                - location: ./speakeasy-suggested-name-overlay.yaml
                - location: ./speakeasy-suggested-errors.yaml
            registry:
                location: registry.speakeasyapi.dev/sheldon-vaughn-test/sandbox/swagger-petstore---open-api-3-0
    targets:
        petstore:
            target: typescript
            source: Swagger Petstore - OpenAPI 3.0
            codeSamples:
                registry:
                    location: registry.speakeasyapi.dev/sheldon-vaughn-test/sandbox/swagger-petstore---open-api-3-0-typescript-code-samples
                blocking: false
