speakeasyVersion: 1.452.0
sources:
    Swagger Petstore - OpenAPI 3.0:
        sourceNamespace: swagger-petstore---open-api-3-0
        sourceRevisionDigest: sha256:1b37aade7a3325a0dd8c91276c77faec08660e16a7fd9d754ed403e4a8b379f0
        sourceBlobDigest: sha256:9ea0fb3fd10661d6a7614f5ce460e67e89576add23e0334cbd4e9fd54b4297fc
        tags:
            - latest
            - speakeasy-sdk-regen-1733412665
            - 1.0.19
targets:
    petstore:
        source: Swagger Petstore - OpenAPI 3.0
        sourceNamespace: swagger-petstore---open-api-3-0
        sourceRevisionDigest: sha256:1b37aade7a3325a0dd8c91276c77faec08660e16a7fd9d754ed403e4a8b379f0
        sourceBlobDigest: sha256:9ea0fb3fd10661d6a7614f5ce460e67e89576add23e0334cbd4e9fd54b4297fc
        codeSamplesNamespace: swagger-petstore---open-api-3-0-typescript-code-samples
        codeSamplesRevisionDigest: sha256:7c6a9d9a08a0db328b001384812ea24108ad49c40e537de073308a7545456743
workflow:
    workflowVersion: 1.0.0
    speakeasyVersion: latest
    sources:
        Swagger Petstore - OpenAPI 3.0:
            inputs:
                - location: ./petstore.json
            overlays:
                - location: ./speakeasy-suggested-name-overlay.yaml
                - location: ./speakeasy-suggested-errors.yaml
            registry:
                location: registry.speakeasyapi.dev/sheldon-vaughn-test/sandbox/swagger-petstore---open-api-3-0
    targets:
        petstore:
            target: typescript
            source: Swagger Petstore - OpenAPI 3.0
            codeSamples:
                registry:
                    location: registry.speakeasyapi.dev/sheldon-vaughn-test/sandbox/swagger-petstore---open-api-3-0-typescript-code-samples
                blocking: false
